PODS:
  - Cartography (0.6.0)
  - MusicKit (0.2.0)

DEPENDENCIES:
  - Cartography (~> 0.6)
  - MusicKit (from `https://github.com/benzguo/MusicKit.git`)

EXTERNAL SOURCES:
  MusicKit:
    :git: https://github.com/benzguo/MusicKit.git

CHECKOUT OPTIONS:
  MusicKit:
    :commit: bf5350d089554e311c629e6122e310fb0d01180f
    :git: https://github.com/benzguo/MusicKit.git

SPEC CHECKSUMS:
  Cartography: 70af183a248547694a8cfaa6b989cb7e04589985
  MusicKit: 4836bbf66c73c77b9baf85da3d9ce1d0261a1623

PODFILE CHECKSUM: ebe7814dfbee8394aeedd9244efe2f008dc1e8df

COCOAPODS: 1.0.1
